// !$*UTF8*$!
{
	archiveVersion = 1;
	classes = {
	};
	objectVersion = 56;
	objects = {

/* Begin PBXBuildFile section */
		BB2AF3362C48F47B00C3BFEF /* AppDelegate.swift in Sources */ = {isa = PBXBuildFile; fileRef = BB2AF3352C48F47B00C3BFEF /* AppDelegate.swift */; };
		BB2AF3382C48F47B00C3BFEF /* SceneDelegate.swift in Sources */ = {isa = PBXBuildFile; fileRef = BB2AF3372C48F47B00C3BFEF /* SceneDelegate.swift */; };
		BB2AF33A2C48F47B00C3BFEF /* LandingViewController.swift in Sources */ = {isa = PBXBuildFile; fileRef = BB2AF3392C48F47B00C3BFEF /* LandingViewController.swift */; };
		BB2AF33D2C48F47B00C3BFEF /* Main.storyboard in Resources */ = {isa = PBXBuildFile; fileRef = BB2AF33B2C48F47B00C3BFEF /* Main.storyboard */; };
		BB2AF3402C48F47B00C3BFEF /* SADemo.xcdatamodeld in Sources */ = {isa = PBXBuildFile; fileRef = BB2AF33E2C48F47B00C3BFEF /* SADemo.xcdatamodeld */; };
		BB2AF3422C48F47C00C3BFEF /* Assets.xcassets in Resources */ = {isa = PBXBuildFile; fileRef = BB2AF3412C48F47C00C3BFEF /* Assets.xcassets */; };
		BB2AF3452C48F47C00C3BFEF /* LaunchScreen.storyboard in Resources */ = {isa = PBXBuildFile; fileRef = BB2AF3432C48F47C00C3BFEF /* LaunchScreen.storyboard */; };
		BB2AF3502C48F47C00C3BFEF /* SADemoTests.swift in Sources */ = {isa = PBXBuildFile; fileRef = BB2AF34F2C48F47C00C3BFEF /* SADemoTests.swift */; };
		BB2AF35A2C48F47C00C3BFEF /* SADemoUITests.swift in Sources */ = {isa = PBXBuildFile; fileRef = BB2AF3592C48F47C00C3BFEF /* SADemoUITests.swift */; };
		BB2AF35C2C48F47C00C3BFEF /* SADemoUITestsLaunchTests.swift in Sources */ = {isa = PBXBuildFile; fileRef = BB2AF35B2C48F47C00C3BFEF /* SADemoUITestsLaunchTests.swift */; };
		BB2AF36A2C491F7D00C3BFEF /* AuthenticationEntity.swift in Sources */ = {isa = PBXBuildFile; fileRef = BB2AF3692C491F7D00C3BFEF /* AuthenticationEntity.swift */; };
		BB2AF36D2C49206D00C3BFEF /* Endpoints.swift in Sources */ = {isa = PBXBuildFile; fileRef = BB2AF36C2C49206D00C3BFEF /* Endpoints.swift */; };
		BB2AF36F2C495CAE00C3BFEF /* InspectionEntity.swift in Sources */ = {isa = PBXBuildFile; fileRef = BB2AF36E2C495CAE00C3BFEF /* InspectionEntity.swift */; };
		BB2AF3712C4A3BFA00C3BFEF /* NSURLAPINetworkClass.swift in Sources */ = {isa = PBXBuildFile; fileRef = BB2AF3702C4A3BFA00C3BFEF /* NSURLAPINetworkClass.swift */; };
		BB2AF3732C4AA77200C3BFEF /* LoginRegisterViewController.swift in Sources */ = {isa = PBXBuildFile; fileRef = BB2AF3722C4AA77200C3BFEF /* LoginRegisterViewController.swift */; };
		BB3DE2C62C4B84A5002F0477 /* LoginRegisterViewModel.swift in Sources */ = {isa = PBXBuildFile; fileRef = BB3DE2C52C4B84A5002F0477 /* LoginRegisterViewModel.swift */; };
		BB3DE2C82C4BCBDC002F0477 /* DashboardViewController.swift in Sources */ = {isa = PBXBuildFile; fileRef = BB3DE2C72C4BCBDC002F0477 /* DashboardViewController.swift */; };
		BB3DE2CA2C4BCBE7002F0477 /* DashboardViewModel.swift in Sources */ = {isa = PBXBuildFile; fileRef = BB3DE2C92C4BCBE7002F0477 /* DashboardViewModel.swift */; };
		BB3DE2CD2C4D86B2002F0477 /* InspectionTableViewCell.swift in Sources */ = {isa = PBXBuildFile; fileRef = BB3DE2CB2C4D86B2002F0477 /* InspectionTableViewCell.swift */; };
		BB3DE2CE2C4D86B2002F0477 /* InspectionTableViewCell.xib in Resources */ = {isa = PBXBuildFile; fileRef = BB3DE2CC2C4D86B2002F0477 /* InspectionTableViewCell.xib */; };
/* End PBXBuildFile section */

/* Begin PBXContainerItemProxy section */
		BB2AF34C2C48F47C00C3BFEF /* PBXContainerItemProxy */ = {
			isa = PBXContainerItemProxy;
			containerPortal = BB2AF32A2C48F47B00C3BFEF /* Project object */;
			proxyType = 1;
			remoteGlobalIDString = BB2AF3312C48F47B00C3BFEF;
			remoteInfo = SADemo;
		};
		BB2AF3562C48F47C00C3BFEF /* PBXContainerItemProxy */ = {
			isa = PBXContainerItemProxy;
			containerPortal = BB2AF32A2C48F47B00C3BFEF /* Project object */;
			proxyType = 1;
			remoteGlobalIDString = BB2AF3312C48F47B00C3BFEF;
			remoteInfo = SADemo;
		};
/* End PBXContainerItemProxy section */

/* Begin PBXFileReference section */
		BB2AF3322C48F47B00C3BFEF /* SADemo.app */ = {isa = PBXFileReference; explicitFileType = wrapper.application; includeInIndex = 0; path = SADemo.app; sourceTree = BUILT_PRODUCTS_DIR; };
		BB2AF3352C48F47B00C3BFEF /* AppDelegate.swift */ = {isa = PBXFileReference; lastKnownFileType = sourcecode.swift; path = AppDelegate.swift; sourceTree = "<group>"; };
		BB2AF3372C48F47B00C3BFEF /* SceneDelegate.swift */ = {isa = PBXFileReference; lastKnownFileType = sourcecode.swift; path = SceneDelegate.swift; sourceTree = "<group>"; };
		BB2AF3392C48F47B00C3BFEF /* LandingViewController.swift */ = {isa = PBXFileReference; lastKnownFileType = sourcecode.swift; path = LandingViewController.swift; sourceTree = "<group>"; };
		BB2AF33C2C48F47B00C3BFEF /* Base */ = {isa = PBXFileReference; lastKnownFileType = file.storyboard; name = Base; path = Base.lproj/Main.storyboard; sourceTree = "<group>"; };
		BB2AF33F2C48F47B00C3BFEF /* SADemo.xcdatamodel */ = {isa = PBXFileReference; lastKnownFileType = wrapper.xcdatamodel; path = SADemo.xcdatamodel; sourceTree = "<group>"; };
		BB2AF3412C48F47C00C3BFEF /* Assets.xcassets */ = {isa = PBXFileReference; lastKnownFileType = folder.assetcatalog; path = Assets.xcassets; sourceTree = "<group>"; };
		BB2AF3442C48F47C00C3BFEF /* Base */ = {isa = PBXFileReference; lastKnownFileType = file.storyboard; name = Base; path = Base.lproj/LaunchScreen.storyboard; sourceTree = "<group>"; };
		BB2AF3462C48F47C00C3BFEF /* Info.plist */ = {isa = PBXFileReference; lastKnownFileType = text.plist.xml; path = Info.plist; sourceTree = "<group>"; };
		BB2AF34B2C48F47C00C3BFEF /* SADemoTests.xctest */ = {isa = PBXFileReference; explicitFileType = wrapper.cfbundle; includeInIndex = 0; path = SADemoTests.xctest; sourceTree = BUILT_PRODUCTS_DIR; };
		BB2AF34F2C48F47C00C3BFEF /* SADemoTests.swift */ = {isa = PBXFileReference; lastKnownFileType = sourcecode.swift; path = SADemoTests.swift; sourceTree = "<group>"; };
		BB2AF3552C48F47C00C3BFEF /* SADemoUITests.xctest */ = {isa = PBXFileReference; explicitFileType = wrapper.cfbundle; includeInIndex = 0; path = SADemoUITests.xctest; sourceTree = BUILT_PRODUCTS_DIR; };
		BB2AF3592C48F47C00C3BFEF /* SADemoUITests.swift */ = {isa = PBXFileReference; lastKnownFileType = sourcecode.swift; path = SADemoUITests.swift; sourceTree = "<group>"; };
		BB2AF35B2C48F47C00C3BFEF /* SADemoUITestsLaunchTests.swift */ = {isa = PBXFileReference; lastKnownFileType = sourcecode.swift; path = SADemoUITestsLaunchTests.swift; sourceTree = "<group>"; };
		BB2AF3692C491F7D00C3BFEF /* AuthenticationEntity.swift */ = {isa = PBXFileReference; lastKnownFileType = sourcecode.swift; path = AuthenticationEntity.swift; sourceTree = "<group>"; };
		BB2AF36C2C49206D00C3BFEF /* Endpoints.swift */ = {isa = PBXFileReference; lastKnownFileType = sourcecode.swift; path = Endpoints.swift; sourceTree = "<group>"; };
		BB2AF36E2C495CAE00C3BFEF /* InspectionEntity.swift */ = {isa = PBXFileReference; lastKnownFileType = sourcecode.swift; path = InspectionEntity.swift; sourceTree = "<group>"; };
		BB2AF3702C4A3BFA00C3BFEF /* NSURLAPINetworkClass.swift */ = {isa = PBXFileReference; lastKnownFileType = sourcecode.swift; path = NSURLAPINetworkClass.swift; sourceTree = "<group>"; };
		BB2AF3722C4AA77200C3BFEF /* LoginRegisterViewController.swift */ = {isa = PBXFileReference; lastKnownFileType = sourcecode.swift; path = LoginRegisterViewController.swift; sourceTree = "<group>"; };
		BB3DE2C52C4B84A5002F0477 /* LoginRegisterViewModel.swift */ = {isa = PBXFileReference; lastKnownFileType = sourcecode.swift; path = LoginRegisterViewModel.swift; sourceTree = "<group>"; };
		BB3DE2C72C4BCBDC002F0477 /* DashboardViewController.swift */ = {isa = PBXFileReference; lastKnownFileType = sourcecode.swift; path = DashboardViewController.swift; sourceTree = "<group>"; };
		BB3DE2C92C4BCBE7002F0477 /* DashboardViewModel.swift */ = {isa = PBXFileReference; lastKnownFileType = sourcecode.swift; path = DashboardViewModel.swift; sourceTree = "<group>"; };
		BB3DE2CB2C4D86B2002F0477 /* InspectionTableViewCell.swift */ = {isa = PBXFileReference; lastKnownFileType = sourcecode.swift; path = InspectionTableViewCell.swift; sourceTree = "<group>"; };
		BB3DE2CC2C4D86B2002F0477 /* InspectionTableViewCell.xib */ = {isa = PBXFileReference; lastKnownFileType = file.xib; path = InspectionTableViewCell.xib; sourceTree = "<group>"; };
/* End PBXFileReference section */

/* Begin PBXFrameworksBuildPhase section */
		BB2AF32F2C48F47B00C3BFEF /* Frameworks */ = {
			isa = PBXFrameworksBuildPhase;
			buildActionMask = 2147483647;
			files = (
			);
			runOnlyForDeploymentPostprocessing = 0;
		};
		BB2AF3482C48F47C00C3BFEF /* Frameworks */ = {
			isa = PBXFrameworksBuildPhase;
			buildActionMask = 2147483647;
			files = (
			);
			runOnlyForDeploymentPostprocessing = 0;
		};
		BB2AF3522C48F47C00C3BFEF /* Frameworks */ = {
			isa = PBXFrameworksBuildPhase;
			buildActionMask = 2147483647;
			files = (
			);
			runOnlyForDeploymentPostprocessing = 0;
		};
/* End PBXFrameworksBuildPhase section */

/* Begin PBXGroup section */
		BB2AF3292C48F47B00C3BFEF = {
			isa = PBXGroup;
			children = (
				BB2AF3342C48F47B00C3BFEF /* SADemo */,
				BB2AF34E2C48F47C00C3BFEF /* SADemoTests */,
				BB2AF3582C48F47C00C3BFEF /* SADemoUITests */,
				BB2AF3332C48F47B00C3BFEF /* Products */,
			);
			sourceTree = "<group>";
		};
		BB2AF3332C48F47B00C3BFEF /* Products */ = {
			isa = PBXGroup;
			children = (
				BB2AF3322C48F47B00C3BFEF /* SADemo.app */,
				BB2AF34B2C48F47C00C3BFEF /* SADemoTests.xctest */,
				BB2AF3552C48F47C00C3BFEF /* SADemoUITests.xctest */,
			);
			name = Products;
			sourceTree = "<group>";
		};
		BB2AF3342C48F47B00C3BFEF /* SADemo */ = {
			isa = PBXGroup;
			children = (
				BB2AF3352C48F47B00C3BFEF /* AppDelegate.swift */,
				BB2AF3372C48F47B00C3BFEF /* SceneDelegate.swift */,
				BB2AF36B2C49205A00C3BFEF /* Network */,
				BB2AF3682C491F6400C3BFEF /* ModelClasses */,
				BBE118A82C56920D00657DCB /* ViewControllers */,
				BB2AF33B2C48F47B00C3BFEF /* Main.storyboard */,
				BB2AF3412C48F47C00C3BFEF /* Assets.xcassets */,
				BB2AF3432C48F47C00C3BFEF /* LaunchScreen.storyboard */,
				BB2AF3462C48F47C00C3BFEF /* Info.plist */,
				BB2AF33E2C48F47B00C3BFEF /* SADemo.xcdatamodeld */,
			);
			path = SADemo;
			sourceTree = "<group>";
		};
		BB2AF34E2C48F47C00C3BFEF /* SADemoTests */ = {
			isa = PBXGroup;
			children = (
				BB2AF34F2C48F47C00C3BFEF /* SADemoTests.swift */,
			);
			path = SADemoTests;
			sourceTree = "<group>";
		};
		BB2AF3582C48F47C00C3BFEF /* SADemoUITests */ = {
			isa = PBXGroup;
			children = (
				BB2AF3592C48F47C00C3BFEF /* SADemoUITests.swift */,
				BB2AF35B2C48F47C00C3BFEF /* SADemoUITestsLaunchTests.swift */,
			);
			path = SADemoUITests;
			sourceTree = "<group>";
		};
		BB2AF3682C491F6400C3BFEF /* ModelClasses */ = {
			isa = PBXGroup;
			children = (
				BB2AF3692C491F7D00C3BFEF /* AuthenticationEntity.swift */,
				BB2AF36E2C495CAE00C3BFEF /* InspectionEntity.swift */,
			);
			path = ModelClasses;
			sourceTree = "<group>";
		};
		BB2AF36B2C49205A00C3BFEF /* Network */ = {
			isa = PBXGroup;
			children = (
				BB2AF3702C4A3BFA00C3BFEF /* NSURLAPINetworkClass.swift */,
				BB2AF36C2C49206D00C3BFEF /* Endpoints.swift */,
			);
			path = Network;
			sourceTree = "<group>";
		};
		BBE118A82C56920D00657DCB /* ViewControllers */ = {
			isa = PBXGroup;
			children = (
				BB2AF3392C48F47B00C3BFEF /* LandingViewController.swift */,
				BB2AF3722C4AA77200C3BFEF /* LoginRegisterViewController.swift */,
				BB3DE2C52C4B84A5002F0477 /* LoginRegisterViewModel.swift */,
				BB3DE2C72C4BCBDC002F0477 /* DashboardViewController.swift */,
				BB3DE2C92C4BCBE7002F0477 /* DashboardViewModel.swift */,
				BBE118A92C56924400657DCB /* Cells */,
			);
			path = ViewControllers;
			sourceTree = "<group>";
		};
		BBE118A92C56924400657DCB /* Cells */ = {
			isa = PBXGroup;
			children = (
				BB3DE2CB2C4D86B2002F0477 /* InspectionTableViewCell.swift */,
				BB3DE2CC2C4D86B2002F0477 /* InspectionTableViewCell.xib */,
			);
			path = Cells;
			sourceTree = "<group>";
		};
/* End PBXGroup section */

/* Begin PBXNativeTarget section */
		BB2AF3312C48F47B00C3BFEF /* SADemo */ = {
			isa = PBXNativeTarget;
			buildConfigurationList = BB2AF35F2C48F47C00C3BFEF /* Build configuration list for PBXNativeTarget "SADemo" */;
			buildPhases = (
				BB2AF32E2C48F47B00C3BFEF /* Sources */,
				BB2AF32F2C48F47B00C3BFEF /* Frameworks */,
				BB2AF3302C48F47B00C3BFEF /* Resources */,
			);
			buildRules = (
			);
			dependencies = (
			);
			name = SADemo;
			productName = SADemo;
			productReference = BB2AF3322C48F47B00C3BFEF /* SADemo.app */;
			productType = "com.apple.product-type.application";
		};
		BB2AF34A2C48F47C00C3BFEF /* SADemoTests */ = {
			isa = PBXNativeTarget;
			buildConfigurationList = BB2AF3622C48F47C00C3BFEF /* Build configuration list for PBXNativeTarget "SADemoTests" */;
			buildPhases = (
				BB2AF3472C48F47C00C3BFEF /* Sources */,
				BB2AF3482C48F47C00C3BFEF /* Frameworks */,
				BB2AF3492C48F47C00C3BFEF /* Resources */,
			);
			buildRules = (
			);
			dependencies = (
				BB2AF34D2C48F47C00C3BFEF /* PBXTargetDependency */,
			);
			name = SADemoTests;
			productName = SADemoTests;
			productReference = BB2AF34B2C48F47C00C3BFEF /* SADemoTests.xctest */;
			productType = "com.apple.product-type.bundle.unit-test";
		};
		BB2AF3542C48F47C00C3BFEF /* SADemoUITests */ = {
			isa = PBXNativeTarget;
			buildConfigurationList = BB2AF3652C48F47C00C3BFEF /* Build configuration list for PBXNativeTarget "SADemoUITests" */;
			buildPhases = (
				BB2AF3512C48F47C00C3BFEF /* Sources */,
				BB2AF3522C48F47C00C3BFEF /* Frameworks */,
				BB2AF3532C48F47C00C3BFEF /* Resources */,
			);
			buildRules = (
			);
			dependencies = (
				BB2AF3572C48F47C00C3BFEF /* PBXTargetDependency */,
			);
			name = SADemoUITests;
			productName = SADemoUITests;
			productReference = BB2AF3552C48F47C00C3BFEF /* SADemoUITests.xctest */;
			productType = "com.apple.product-type.bundle.ui-testing";
		};
/* End PBXNativeTarget section */

/* Begin PBXProject section */
		BB2AF32A2C48F47B00C3BFEF /* Project object */ = {
			isa = PBXProject;
			attributes = {
				BuildIndependentTargetsInParallel = 1;
				LastSwiftUpdateCheck = 1520;
				LastUpgradeCheck = 1520;
				TargetAttributes = {
					BB2AF3312C48F47B00C3BFEF = {
						CreatedOnToolsVersion = 15.2;
					};
					BB2AF34A2C48F47C00C3BFEF = {
						CreatedOnToolsVersion = 15.2;
						TestTargetID = BB2AF3312C48F47B00C3BFEF;
					};
					BB2AF3542C48F47C00C3BFEF = {
						CreatedOnToolsVersion = 15.2;
						TestTargetID = BB2AF3312C48F47B00C3BFEF;
					};
				};
			};
			buildConfigurationList = BB2AF32D2C48F47B00C3BFEF /* Build configuration list for PBXProject "SADemo" */;
			compatibilityVersion = "Xcode 14.0";
			developmentRegion = en;
			hasScannedForEncodings = 0;
			knownRegions = (
				en,
				Base,
			);
			mainGroup = BB2AF3292C48F47B00C3BFEF;
			productRefGroup = BB2AF3332C48F47B00C3BFEF /* Products */;
			projectDirPath = "";
			projectRoot = "";
			targets = (
				BB2AF3312C48F47B00C3BFEF /* SADemo */,
				BB2AF34A2C48F47C00C3BFEF /* SADemoTests */,
				BB2AF3542C48F47C00C3BFEF /* SADemoUITests */,
			);
		};
/* End PBXProject section */

/* Begin PBXResourcesBuildPhase section */
		BB2AF3302C48F47B00C3BFEF /* Resources */ = {
			isa = PBXResourcesBuildPhase;
			buildActionMask = 2147483647;
			files = (
				BB2AF3452C48F47C00C3BFEF /* LaunchScreen.storyboard in Resources */,
				BB2AF3422C48F47C00C3BFEF /* Assets.xcassets in Resources */,
				BB2AF33D2C48F47B00C3BFEF /* Main.storyboard in Resources */,
				BB3DE2CE2C4D86B2002F0477 /* InspectionTableViewCell.xib in Resources */,
			);
			runOnlyForDeploymentPostprocessing = 0;
		};
		BB2AF3492C48F47C00C3BFEF /* Resources */ = {
			isa = PBXResourcesBuildPhase;
			buildActionMask = 2147483647;
			files = (
			);
			runOnlyForDeploymentPostprocessing = 0;
		};
		BB2AF3532C48F47C00C3BFEF /* Resources */ = {
			isa = PBXResourcesBuildPhase;
			buildActionMask = 2147483647;
			files = (
			);
			runOnlyForDeploymentPostprocessing = 0;
		};
/* End PBXResourcesBuildPhase section */

/* Begin PBXSourcesBuildPhase section */
		BB2AF32E2C48F47B00C3BFEF /* Sources */ = {
			isa = PBXSourcesBuildPhase;
			buildActionMask = 2147483647;
			files = (
				BB2AF3732C4AA77200C3BFEF /* LoginRegisterViewController.swift in Sources */,
				BB2AF3402C48F47B00C3BFEF /* SADemo.xcdatamodeld in Sources */,
				BB2AF33A2C48F47B00C3BFEF /* LandingViewController.swift in Sources */,
				BB3DE2CA2C4BCBE7002F0477 /* DashboardViewModel.swift in Sources */,
				BB3DE2C62C4B84A5002F0477 /* LoginRegisterViewModel.swift in Sources */,
				BB3DE2CD2C4D86B2002F0477 /* InspectionTableViewCell.swift in Sources */,
				BB2AF36A2C491F7D00C3BFEF /* AuthenticationEntity.swift in Sources */,
				BB2AF3712C4A3BFA00C3BFEF /* NSURLAPINetworkClass.swift in Sources */,
				BB2AF3362C48F47B00C3BFEF /* AppDelegate.swift in Sources */,
				BB2AF36D2C49206D00C3BFEF /* Endpoints.swift in Sources */,
				BB3DE2C82C4BCBDC002F0477 /* DashboardViewController.swift in Sources */,
				BB2AF3382C48F47B00C3BFEF /* SceneDelegate.swift in Sources */,
				BB2AF36F2C495CAE00C3BFEF /* InspectionEntity.swift in Sources */,
			);
			runOnlyForDeploymentPostprocessing = 0;
		};
		BB2AF3472C48F47C00C3BFEF /* Sources */ = {
			isa = PBXSourcesBuildPhase;
			buildActionMask = 2147483647;
			files = (
				BB2AF3502C48F47C00C3BFEF /* SADemoTests.swift in Sources */,
			);
			runOnlyForDeploymentPostprocessing = 0;
		};
		BB2AF3512C48F47C00C3BFEF /* Sources */ = {
			isa = PBXSourcesBuildPhase;
			buildActionMask = 2147483647;
			files = (
				BB2AF35A2C48F47C00C3BFEF /* SADemoUITests.swift in Sources */,
				BB2AF35C2C48F47C00C3BFEF /* SADemoUITestsLaunchTests.swift in Sources */,
			);
			runOnlyForDeploymentPostprocessing = 0;
		};
/* End PBXSourcesBuildPhase section */

/* Begin PBXTargetDependency section */
		BB2AF34D2C48F47C00C3BFEF /* PBXTargetDependency */ = {
			isa = PBXTargetDependency;
			target = BB2AF3312C48F47B00C3BFEF /* SADemo */;
			targetProxy = BB2AF34C2C48F47C00C3BFEF /* PBXContainerItemProxy */;
		};
		BB2AF3572C48F47C00C3BFEF /* PBXTargetDependency */ = {
			isa = PBXTargetDependency;
			target = BB2AF3312C48F47B00C3BFEF /* SADemo */;
			targetProxy = BB2AF3562C48F47C00C3BFEF /* PBXContainerItemProxy */;
		};
/* End PBXTargetDependency section */

/* Begin PBXVariantGroup section */
		BB2AF33B2C48F47B00C3BFEF /* Main.storyboard */ = {
			isa = PBXVariantGroup;
			children = (
				BB2AF33C2C48F47B00C3BFEF /* Base */,
			);
			name = Main.storyboard;
			sourceTree = "<group>";
		};
		BB2AF3432C48F47C00C3BFEF /* LaunchScreen.storyboard */ = {
			isa = PBXVariantGroup;
			children = (
				BB2AF3442C48F47C00C3BFEF /* Base */,
			);
			name = LaunchScreen.storyboard;
			sourceTree = "<group>";
		};
/* End PBXVariantGroup section */

/* Begin XCBuildConfiguration section */
		BB2AF35D2C48F47C00C3BFEF /* Debug */ = {
			isa = XCBuildConfiguration;
			buildSettings = {
				ALWAYS_SEARCH_USER_PATHS = NO;
				ASSETCATALOG_COMPILER_GENERATE_SWIFT_ASSET_SYMBOL_EXTENSIONS = YES;
				CLANG_ANALYZER_NONNULL = YES;
				CLANG_ANALYZER_NUMBER_OBJECT_CONVERSION = YES_AGGRESSIVE;
				CLANG_CXX_LANGUAGE_STANDARD = "gnu++20";
				CLANG_ENABLE_MODULES = YES;
				CLANG_ENABLE_OBJC_ARC = YES;
				CLANG_ENABLE_OBJC_WEAK = YES;
				CLANG_WARN_BLOCK_CAPTURE_AUTORELEASING = YES;
				CLANG_WARN_BOOL_CONVERSION = YES;
				CLANG_WARN_COMMA = YES;
				CLANG_WARN_CONSTANT_CONVERSION = YES;
				CLANG_WARN_DEPRECATED_OBJC_IMPLEMENTATIONS = YES;
				CLANG_WARN_DIRECT_OBJC_ISA_USAGE = YES_ERROR;
				CLANG_WARN_DOCUMENTATION_COMMENTS = YES;
				CLANG_WARN_EMPTY_BODY = YES;
				CLANG_WARN_ENUM_CONVERSION = YES;
				CLANG_WARN_INFINITE_RECURSION = YES;
				CLANG_WARN_INT_CONVERSION = YES;
				CLANG_WARN_NON_LITERAL_NULL_CONVERSION = YES;
				CLANG_WARN_OBJC_IMPLICIT_RETAIN_SELF = YES;
				CLANG_WARN_OBJC_LITERAL_CONVERSION = YES;
				CLANG_WARN_OBJC_ROOT_CLASS = YES_ERROR;
				CLANG_WARN_QUOTED_INCLUDE_IN_FRAMEWORK_HEADER = YES;
				CLANG_WARN_RANGE_LOOP_ANALYSIS = YES;
				CLANG_WARN_STRICT_PROTOTYPES = YES;
				CLANG_WARN_SUSPICIOUS_MOVE = YES;
				CLANG_WARN_UNGUARDED_AVAILABILITY = YES_AGGRESSIVE;
				CLANG_WARN_UNREACHABLE_CODE = YES;
				CLANG_WARN__DUPLICATE_METHOD_MATCH = YES;
				COPY_PHASE_STRIP = NO;
				DEBUG_INFORMATION_FORMAT = dwarf;
				ENABLE_STRICT_OBJC_MSGSEND = YES;
				ENABLE_TESTABILITY = YES;
				ENABLE_USER_SCRIPT_SANDBOXING = YES;
				GCC_C_LANGUAGE_STANDARD = gnu17;
				GCC_DYNAMIC_NO_PIC = NO;
				GCC_NO_COMMON_BLOCKS = YES;
				GCC_OPTIMIZATION_LEVEL = 0;
				GCC_PREPROCESSOR_DEFINITIONS = (
					"DEBUG=1",
					"$(inherited)",
				);
				GCC_WARN_64_TO_32_BIT_CONVERSION = YES;
				GCC_WARN_ABOUT_RETURN_TYPE = YES_ERROR;
				GCC_WARN_UNDECLARED_SELECTOR = YES;
				GCC_WARN_UNINITIALIZED_AUTOS = YES_AGGRESSIVE;
				GCC_WARN_UNUSED_FUNCTION = YES;
				GCC_WARN_UNUSED_VARIABLE = YES;
				IPHONEOS_DEPLOYMENT_TARGET = 17.2;
				LOCALIZATION_PREFERS_STRING_CATALOGS = YES;
				MTL_ENABLE_DEBUG_INFO = INCLUDE_SOURCE;
				MTL_FAST_MATH = YES;
				ONLY_ACTIVE_ARCH = YES;
				SDKROOT = iphoneos;
				SWIFT_ACTIVE_COMPILATION_CONDITIONS = "DEBUG $(inherited)";
				SWIFT_OPTIMIZATION_LEVEL = "-Onone";
			};
			name = Debug;
		};
		BB2AF35E2C48F47C00C3BFEF /* Release */ = {
			isa = XCBuildConfiguration;
			buildSettings = {
				ALWAYS_SEARCH_USER_PATHS = NO;
				ASSETCATALOG_COMPILER_GENERATE_SWIFT_ASSET_SYMBOL_EXTENSIONS = YES;
				CLANG_ANALYZER_NONNULL = YES;
				CLANG_ANALYZER_NUMBER_OBJECT_CONVERSION = YES_AGGRESSIVE;
				CLANG_CXX_LANGUAGE_STANDARD = "gnu++20";
				CLANG_ENABLE_MODULES = YES;
				CLANG_ENABLE_OBJC_ARC = YES;
				CLANG_ENABLE_OBJC_WEAK = YES;
				CLANG_WARN_BLOCK_CAPTURE_AUTORELEASING = YES;
				CLANG_WARN_BOOL_CONVERSION = YES;
				CLANG_WARN_COMMA = YES;
				CLANG_WARN_CONSTANT_CONVERSION = YES;
				CLANG_WARN_DEPRECATED_OBJC_IMPLEMENTATIONS = YES;
				CLANG_WARN_DIRECT_OBJC_ISA_USAGE = YES_ERROR;
				CLANG_WARN_DOCUMENTATION_COMMENTS = YES;
				CLANG_WARN_EMPTY_BODY = YES;
				CLANG_WARN_ENUM_CONVERSION = YES;
				CLANG_WARN_INFINITE_RECURSION = YES;
				CLANG_WARN_INT_CONVERSION = YES;
				CLANG_WARN_NON_LITERAL_NULL_CONVERSION = YES;
				CLANG_WARN_OBJC_IMPLICIT_RETAIN_SELF = YES;
				CLANG_WARN_OBJC_LITERAL_CONVERSION = YES;
				CLANG_WARN_OBJC_ROOT_CLASS = YES_ERROR;
				CLANG_WARN_QUOTED_INCLUDE_IN_FRAMEWORK_HEADER = YES;
				CLANG_WARN_RANGE_LOOP_ANALYSIS = YES;
				CLANG_WARN_STRICT_PROTOTYPES = YES;
				CLANG_WARN_SUSPICIOUS_MOVE = YES;
				CLANG_WARN_UNGUARDED_AVAILABILITY = YES_AGGRESSIVE;
				CLANG_WARN_UNREACHABLE_CODE = YES;
				CLANG_WARN__DUPLICATE_METHOD_MATCH = YES;
				COPY_PHASE_STRIP = NO;
				DEBUG_INFORMATION_FORMAT = "dwarf-with-dsym";
				ENABLE_NS_ASSERTIONS = NO;
				ENABLE_STRICT_OBJC_MSGSEND = YES;
				ENABLE_USER_SCRIPT_SANDBOXING = YES;
				GCC_C_LANGUAGE_STANDARD = gnu17;
				GCC_NO_COMMON_BLOCKS = YES;
				GCC_WARN_64_TO_32_BIT_CONVERSION = YES;
				GCC_WARN_ABOUT_RETURN_TYPE = YES_ERROR;
				GCC_WARN_UNDECLARED_SELECTOR = YES;
				GCC_WARN_UNINITIALIZED_AUTOS = YES_AGGRESSIVE;
				GCC_WARN_UNUSED_FUNCTION = YES;
				GCC_WARN_UNUSED_VARIABLE = YES;
				IPHONEOS_DEPLOYMENT_TARGET = 17.2;
				LOCALIZATION_PREFERS_STRING_CATALOGS = YES;
				MTL_ENABLE_DEBUG_INFO = NO;
				MTL_FAST_MATH = YES;
				SDKROOT = iphoneos;
				SWIFT_COMPILATION_MODE = wholemodule;
				VALIDATE_PRODUCT = YES;
			};
			name = Release;
		};
		BB2AF3602C48F47C00C3BFEF /* Debug */ = {
			isa = XCBuildConfiguration;
			buildSettings = {
				ASSETCATALOG_COMPILER_APPICON_NAME = AppIcon;
				ASSETCATALOG_COMPILER_GLOBAL_ACCENT_COLOR_NAME = AccentColor;
				CODE_SIGN_STYLE = Automatic;
				CURRENT_PROJECT_VERSION = 1;
				GENERATE_INFOPLIST_FILE = YES;
				INFOPLIST_FILE = SADemo/Info.plist;
				INFOPLIST_KEY_UIApplicationSupportsIndirectInputEvents = YES;
				INFOPLIST_KEY_UILaunchStoryboardName = LaunchScreen;
				INFOPLIST_KEY_UIMainStoryboardFile = Main;
				INFOPLIST_KEY_UISupportedInterfaceOrientations_iPad = "UIInterfaceOrientationPortrait UIInterfaceOrientationPortraitUpsideDown UIInterfaceOrientationLandscapeLeft UIInterfaceOrientationLandscapeRight";
				INFOPLIST_KEY_UISupportedInterfaceOrientations_iPhone = "UIInterfaceOrientationPortrait UIInterfaceOrientationLandscapeLeft UIInterfaceOrientationLandscapeRight";
				LD_RUNPATH_SEARCH_PATHS = (
					"$(inherited)",
					"@executable_path/Frameworks",
				);
				MARKETING_VERSION = 1.0;
				PRODUCT_BUNDLE_IDENTIFIER = com.test.SADemo;
				PRODUCT_NAME = "$(TARGET_NAME)";
				SWIFT_EMIT_LOC_STRINGS = YES;
				SWIFT_VERSION = 5.0;
				TARGETED_DEVICE_FAMILY = "1,2";
			};
			name = Debug;
		};
		BB2AF3612C48F47C00C3BFEF /* Release */ = {
			isa = XCBuildConfiguration;
			buildSettings = {
				ASSETCATALOG_COMPILER_APPICON_NAME = AppIcon;
				ASSETCATALOG_COMPILER_GLOBAL_ACCENT_COLOR_NAME = AccentColor;
				CODE_SIGN_STYLE = Automatic;
				CURRENT_PROJECT_VERSION = 1;
				GENERATE_INFOPLIST_FILE = YES;
				INFOPLIST_FILE = SADemo/Info.plist;
				INFOPLIST_KEY_UIApplicationSupportsIndirectInputEvents = YES;
				INFOPLIST_KEY_UILaunchStoryboardName = LaunchScreen;
				INFOPLIST_KEY_UIMainStoryboardFile = Main;
				INFOPLIST_KEY_UISupportedInterfaceOrientations_iPad = "UIInterfaceOrientationPortrait UIInterfaceOrientationPortraitUpsideDown UIInterfaceOrientationLandscapeLeft UIInterfaceOrientationLandscapeRight";
				INFOPLIST_KEY_UISupportedInterfaceOrientations_iPhone = "UIInterfaceOrientationPortrait UIInterfaceOrientationLandscapeLeft UIInterfaceOrientationLandscapeRight";
				LD_RUNPATH_SEARCH_PATHS = (
					"$(inherited)",
					"@executable_path/Frameworks",
				);
				MARKETING_VERSION = 1.0;
				PRODUCT_BUNDLE_IDENTIFIER = com.test.SADemo;
				PRODUCT_NAME = "$(TARGET_NAME)";
				SWIFT_EMIT_LOC_STRINGS = YES;
				SWIFT_VERSION = 5.0;
				TARGETED_DEVICE_FAMILY = "1,2";
			};
			name = Release;
		};
		BB2AF3632C48F47C00C3BFEF /* Debug */ = {
			isa = XCBuildConfiguration;
			buildSettings = {
				ALWAYS_EMBED_SWIFT_STANDARD_LIBRARIES = YES;
				BUNDLE_LOADER = "$(TEST_HOST)";
				CODE_SIGN_STYLE = Automatic;
				CURRENT_PROJECT_VERSION = 1;
				GENERATE_INFOPLIST_FILE = YES;
				IPHONEOS_DEPLOYMENT_TARGET = 17.2;
				MARKETING_VERSION = 1.0;
				PRODUCT_BUNDLE_IDENTIFIER = com.test.SADemoTests;
				PRODUCT_NAME = "$(TARGET_NAME)";
				SWIFT_EMIT_LOC_STRINGS = NO;
				SWIFT_VERSION = 5.0;
				TARGETED_DEVICE_FAMILY = "1,2";
				TEST_HOST = "$(BUILT_PRODUCTS_DIR)/SADemo.app/$(BUNDLE_EXECUTABLE_FOLDER_PATH)/SADemo";
			};
			name = Debug;
		};
		BB2AF3642C48F47C00C3BFEF /* Release */ = {
			isa = XCBuildConfiguration;
			buildSettings = {
				ALWAYS_EMBED_SWIFT_STANDARD_LIBRARIES = YES;
				BUNDLE_LOADER = "$(TEST_HOST)";
				CODE_SIGN_STYLE = Automatic;
				CURRENT_PROJECT_VERSION = 1;
				GENERATE_INFOPLIST_FILE = YES;
				IPHONEOS_DEPLOYMENT_TARGET = 17.2;
				MARKETING_VERSION = 1.0;
				PRODUCT_BUNDLE_IDENTIFIER = com.test.SADemoTests;
				PRODUCT_NAME = "$(TARGET_NAME)";
				SWIFT_EMIT_LOC_STRINGS = NO;
				SWIFT_VERSION = 5.0;
				TARGETED_DEVICE_FAMILY = "1,2";
				TEST_HOST = "$(BUILT_PRODUCTS_DIR)/SADemo.app/$(BUNDLE_EXECUTABLE_FOLDER_PATH)/SADemo";
			};
			name = Release;
		};
		BB2AF3662C48F47C00C3BFEF /* Debug */ = {
			isa = XCBuildConfiguration;
			buildSettings = {
				ALWAYS_EMBED_SWIFT_STANDARD_LIBRARIES = YES;
				CODE_SIGN_STYLE = Automatic;
				CURRENT_PROJECT_VERSION = 1;
				GENERATE_INFOPLIST_FILE = YES;
				MARKETING_VERSION = 1.0;
				PRODUCT_BUNDLE_IDENTIFIER = com.test.SADemoUITests;
				PRODUCT_NAME = "$(TARGET_NAME)";
				SWIFT_EMIT_LOC_STRINGS = NO;
				SWIFT_VERSION = 5.0;
				TARGETED_DEVICE_FAMILY = "1,2";
				TEST_TARGET_NAME = SADemo;
			};
			name = Debug;
		};
		BB2AF3672C48F47C00C3BFEF /* Release */ = {
			isa = XCBuildConfiguration;
			buildSettings = {
				ALWAYS_EMBED_SWIFT_STANDARD_LIBRARIES = YES;
				CODE_SIGN_STYLE = Automatic;
				CURRENT_PROJECT_VERSION = 1;
				GENERATE_INFOPLIST_FILE = YES;
				MARKETING_VERSION = 1.0;
				PRODUCT_BUNDLE_IDENTIFIER = com.test.SADemoUITests;
				PRODUCT_NAME = "$(TARGET_NAME)";
				SWIFT_EMIT_LOC_STRINGS = NO;
				SWIFT_VERSION = 5.0;
				TARGETED_DEVICE_FAMILY = "1,2";
				TEST_TARGET_NAME = SADemo;
			};
			name = Release;
		};
/* End XCBuildConfiguration section */

/* Begin XCConfigurationList section */
		BB2AF32D2C48F47B00C3BFEF /* Build configuration list for PBXProject "SADemo" */ = {
			isa = XCConfigurationList;
			buildConfigurations = (
				BB2AF35D2C48F47C00C3BFEF /* Debug */,
				BB2AF35E2C48F47C00C3BFEF /* Release */,
			);
			defaultConfigurationIsVisible = 0;
			defaultConfigurationName = Release;
		};
		BB2AF35F2C48F47C00C3BFEF /* Build configuration list for PBXNativeTarget "SADemo" */ = {
			isa = XCConfigurationList;
			buildConfigurations = (
				BB2AF3602C48F47C00C3BFEF /* Debug */,
				BB2AF3612C48F47C00C3BFEF /* Release */,
			);
			defaultConfigurationIsVisible = 0;
			defaultConfigurationName = Release;
		};
		BB2AF3622C48F47C00C3BFEF /* Build configuration list for PBXNativeTarget "SADemoTests" */ = {
			isa = XCConfigurationList;
			buildConfigurations = (
				BB2AF3632C48F47C00C3BFEF /* Debug */,
				BB2AF3642C48F47C00C3BFEF /* Release */,
			);
			defaultConfigurationIsVisible = 0;
			defaultConfigurationName = Release;
		};
		BB2AF3652C48F47C00C3BFEF /* Build configuration list for PBXNativeTarget "SADemoUITests" */ = {
			isa = XCConfigurationList;
			buildConfigurations = (
				BB2AF3662C48F47C00C3BFEF /* Debug */,
				BB2AF3672C48F47C00C3BFEF /* Release */,
			);
			defaultConfigurationIsVisible = 0;
			defaultConfigurationName = Release;
		};
/* End XCConfigurationList section */

/* Begin XCVersionGroup section */
		BB2AF33E2C48F47B00C3BFEF /* SADemo.xcdatamodeld */ = {
			isa = XCVersionGroup;
			children = (
				BB2AF33F2C48F47B00C3BFEF /* SADemo.xcdatamodel */,
			);
			currentVersion = BB2AF33F2C48F47B00C3BFEF /* SADemo.xcdatamodel */;
			path = SADemo.xcdatamodeld;
			sourceTree = "<group>";
			versionGroupType = wrapper.xcdatamodel;
		};
/* End XCVersionGroup section */
	};
	rootObject = BB2AF32A2C48F47B00C3BFEF /* Project object */;
}
